
Microsoft Visual Studio Solution File, Format Version 12.00
# Visual Studio Version 16
VisualStudioVersion = 16.0.31112.23
MinimumVisualStudioVersion = 10.0.40219.1
Project("{9A19103F-16F7-4668-BE54-9A1E7A4F7556}") = "Counter", "MyFirstApp\Counter.csproj", "{531BDA7E-E23D-4C7B-9ADA-649A80E54E02}"
EndProject
Project("{FAE04EC0-301F-11D3-BF4B-00C04F79EFBC}") = "StringSearch", "StringSearch\StringSearch.csproj", "{D96A3EA1-9E95-4C75-BD9B-AF7CE23908A5}"
EndProject
Project("{FAE04EC0-301F-11D3-BF4B-00C04F79EFBC}") = "PingPong", "PingPong\PingPong.csproj", "{29069DA9-3B29-4446-A5D8-C861C77F0518}"
EndProject
Global
	GlobalSection(SolutionConfigurationPlatforms) = preSolution
		Debug|Any CPU = Debug|Any CPU
		Release|Any CPU = Release|Any CPU
	EndGlobalSection
	GlobalSection(ProjectConfigurationPlatforms) = postSolution
		{531BDA7E-E23D-4C7B-9ADA-649A80E54E02}.Debug|Any CPU.ActiveCfg = Debug|Any CPU
		{531BDA7E-E23D-4C7B-9ADA-649A80E54E02}.Debug|Any CPU.Build.0 = Debug|Any CPU
		{531BDA7E-E23D-4C7B-9ADA-649A80E54E02}.Release|Any CPU.ActiveCfg = Release|Any CPU
		{531BDA7E-E23D-4C7B-9ADA-649A80E54E02}.Release|Any CPU.Build.0 = Release|Any CPU
		{D96A3EA1-9E95-4C75-BD9B-AF7CE23908A5}.Debug|Any CPU.ActiveCfg = Debug|Any CPU
		{D96A3EA1-9E95-4C75-BD9B-AF7CE23908A5}.Debug|Any CPU.Build.0 = Debug|Any CPU
		{D96A3EA1-9E95-4C75-BD9B-AF7CE23908A5}.Release|Any CPU.ActiveCfg = Release|Any CPU
		{D96A3EA1-9E95-4C75-BD9B-AF7CE23908A5}.Release|Any CPU.Build.0 = Release|Any CPU
		{29069DA9-3B29-4446-A5D8-C861C77F0518}.Debug|Any CPU.ActiveCfg = Debug|Any CPU
		{29069DA9-3B29-4446-A5D8-C861C77F0518}.Debug|Any CPU.Build.0 = Debug|Any CPU
		{29069DA9-3B29-4446-A5D8-C861C77F0518}.Release|Any CPU.ActiveCfg = Release|Any CPU
		{29069DA9-3B29-4446-A5D8-C861C77F0518}.Release|Any CPU.Build.0 = Release|Any CPU
	EndGlobalSection
	GlobalSection(SolutionProperties) = preSolution
		HideSolutionNode = FALSE
	EndGlobalSection
	GlobalSection(ExtensibilityGlobals) = postSolution
		SolutionGuid = {0A1A0E6C-E494-4EAC-A4BE-2765FB6747ED}
	EndGlobalSection
EndGlobal
