
Microsoft Visual Studio Solution File, Format Version 12.00
# Visual Studio Version 16
VisualStudioVersion = 16.0.31112.23
MinimumVisualStudioVersion = 10.0.40219.1
Project("{9A19103F-16F7-4668-BE54-9A1E7A4F7556}") = "MyFirstApp", "MyFirstApp\MyFirstApp.csproj", "{531BDA7E-E23D-4C7B-9ADA-649A80E54E02}"
EndProject
Project("{FAE04EC0-301F-11D3-BF4B-00C04F79EFBC}") = "SecondApp", "SecondApp\SecondApp.csproj", "{904FCF60-79DC-42FB-9ABD-1C080873CA98}"
EndProject
Project("{FAE04EC0-301F-11D3-BF4B-00C04F79EFBC}") = "ThirdApp", "ThirdApp\ThirdApp.csproj", "{4952D7B5-36FF-4BD0-91FB-F00F63DC8215}"
EndProject
Global
	GlobalSection(SolutionConfigurationPlatforms) = preSolution
		Debug|Any CPU = Debug|Any CPU
		Release|Any CPU = Release|Any CPU
	EndGlobalSection
	GlobalSection(ProjectConfigurationPlatforms) = postSolution
		{531BDA7E-E23D-4C7B-9ADA-649A80E54E02}.Debug|Any CPU.ActiveCfg = Debug|Any CPU
		{531BDA7E-E23D-4C7B-9ADA-649A80E54E02}.Debug|Any CPU.Build.0 = Debug|Any CPU
		{531BDA7E-E23D-4C7B-9ADA-649A80E54E02}.Release|Any CPU.ActiveCfg = Release|Any CPU
		{531BDA7E-E23D-4C7B-9ADA-649A80E54E02}.Release|Any CPU.Build.0 = Release|Any CPU
		{904FCF60-79DC-42FB-9ABD-1C080873CA98}.Debug|Any CPU.ActiveCfg = Debug|Any CPU
		{904FCF60-79DC-42FB-9ABD-1C080873CA98}.Debug|Any CPU.Build.0 = Debug|Any CPU
		{904FCF60-79DC-42FB-9ABD-1C080873CA98}.Release|Any CPU.ActiveCfg = Release|Any CPU
		{904FCF60-79DC-42FB-9ABD-1C080873CA98}.Release|Any CPU.Build.0 = Release|Any CPU
		{4952D7B5-36FF-4BD0-91FB-F00F63DC8215}.Debug|Any CPU.ActiveCfg = Debug|Any CPU
		{4952D7B5-36FF-4BD0-91FB-F00F63DC8215}.Debug|Any CPU.Build.0 = Debug|Any CPU
		{4952D7B5-36FF-4BD0-91FB-F00F63DC8215}.Release|Any CPU.ActiveCfg = Release|Any CPU
		{4952D7B5-36FF-4BD0-91FB-F00F63DC8215}.Release|Any CPU.Build.0 = Release|Any CPU
	EndGlobalSection
	GlobalSection(SolutionProperties) = preSolution
		HideSolutionNode = FALSE
	EndGlobalSection
	GlobalSection(ExtensibilityGlobals) = postSolution
		SolutionGuid = {0A1A0E6C-E494-4EAC-A4BE-2765FB6747ED}
	EndGlobalSection
EndGlobal
